
Microsoft Visual Studio Solution File, Format Version 11.00
# Visual Studio 2010
Project("{FAE04EC0-301F-11D3-BF4B-00C04F79EFBC}") = "SimpleSite", "SimpleSite\SimpleSite.csproj", "{EFF01FD1-4DE0-44A3-A24A-AC94D2A8FCED}"
EndProject
Global
	GlobalSection(SolutionConfigurationPlatforms) = preSolution
		Debug|Any CPU = Debug|Any CPU
		Release|Any CPU = Release|Any CPU
	EndGlobalSection
	GlobalSection(ProjectConfigurationPlatforms) = postSolution
		{EFF01FD1-4DE0-44A3-A24A-AC94D2A8FCED}.Debug|Any CPU.ActiveCfg = Debug|Any CPU
		{EFF01FD1-4DE0-44A3-A24A-AC94D2A8FCED}.Debug|Any CPU.Build.0 = Debug|Any CPU
		{EFF01FD1-4DE0-44A3-A24A-AC94D2A8FCED}.Release|Any CPU.ActiveCfg = Release|Any CPU
		{EFF01FD1-4DE0-44A3-A24A-AC94D2A8FCED}.Release|Any CPU.Build.0 = Release|Any CPU
	EndGlobalSection
	GlobalSection(SolutionProperties) = preSolution
		HideSolutionNode = FALSE
	EndGlobalSection
EndGlobal
